// !$*UTF8*$!
{
	archiveVersion = 1;
	classes = {
	};
	objectVersion = 50;
	objects = {

/* Begin PBXBuildFile section */
		FF066E6620CA84CE00F9EB5B /* LocationSearchTable.swift in Sources */ = {isa = PBXBuildFile; fileRef = FF066E6520CA84CE00F9EB5B /* LocationSearchTable.swift */; };
		FF11177220CBC0B1008F04EC /* Icon-App-29x29@1x.png in Resources */ = {isa = PBXBuildFile; fileRef = FF11175620CBC0B1008F04EC /* Icon-App-29x29@1x.png */; };
		FF11177320CBC0B1008F04EC /* Icon-App-29x29@2x.png in Resources */ = {isa = PBXBuildFile; fileRef = FF11175720CBC0B1008F04EC /* Icon-App-29x29@2x.png */; };
		FF11177420CBC0B1008F04EC /* Icon-App-29x29@3x.png in Resources */ = {isa = PBXBuildFile; fileRef = FF11175820CBC0B1008F04EC /* Icon-App-29x29@3x.png */; };
		FFBD515F20BE4F150029B02F /* AppDelegate.swift in Sources */ = {isa = PBXBuildFile; fileRef = FFBD515E20BE4F150029B02F /* AppDelegate.swift */; };
		FFBD516120BE4F150029B02F /* ViewController.swift in Sources */ = {isa = PBXBuildFile; fileRef = FFBD516020BE4F150029B02F /* ViewController.swift */; };
		FFBD516420BE4F150029B02F /* Main.storyboard in Resources */ = {isa = PBXBuildFile; fileRef = FFBD516220BE4F150029B02F /* Main.storyboard */; };
		FFBD516620BE4F180029B02F /* Assets.xcassets in Resources */ = {isa = PBXBuildFile; fileRef = FFBD516520BE4F180029B02F /* Assets.xcassets */; };
		FFBD516920BE4F180029B02F /* LaunchScreen.storyboard in Resources */ = {isa = PBXBuildFile; fileRef = FFBD516720BE4F180029B02F /* LaunchScreen.storyboard */; };
/* End PBXBuildFile section */

/* Begin PBXFileReference section */
		FF066E6520CA84CE00F9EB5B /* LocationSearchTable.swift */ = {isa = PBXFileReference; lastKnownFileType = sourcecode.swift; path = LocationSearchTable.swift; sourceTree = "<group>"; };
		FF11175620CBC0B1008F04EC /* Icon-App-29x29@1x.png */ = {isa = PBXFileReference; lastKnownFileType = image.png; path = "Icon-App-29x29@1x.png"; sourceTree = "<group>"; };
		FF11175720CBC0B1008F04EC /* Icon-App-29x29@2x.png */ = {isa = PBXFileReference; lastKnownFileType = image.png; path = "Icon-App-29x29@2x.png"; sourceTree = "<group>"; };
		FF11175820CBC0B1008F04EC /* Icon-App-29x29@3x.png */ = {isa = PBXFileReference; lastKnownFileType = image.png; path = "Icon-App-29x29@3x.png"; sourceTree = "<group>"; };
		FFBD515B20BE4F150029B02F /* gps.app */ = {isa = PBXFileReference; explicitFileType = wrapper.application; includeInIndex = 0; path = gps.app; sourceTree = BUILT_PRODUCTS_DIR; };
		FFBD515E20BE4F150029B02F /* AppDelegate.swift */ = {isa = PBXFileReference; lastKnownFileType = sourcecode.swift; path = AppDelegate.swift; sourceTree = "<group>"; };
		FFBD516020BE4F150029B02F /* ViewController.swift */ = {isa = PBXFileReference; lastKnownFileType = sourcecode.swift; path = ViewController.swift; sourceTree = "<group>"; };
		FFBD516320BE4F150029B02F /* Base */ = {isa = PBXFileReference; lastKnownFileType = file.storyboard; name = Base; path = Base.lproj/Main.storyboard; sourceTree = "<group>"; };
		FFBD516520BE4F180029B02F /* Assets.xcassets */ = {isa = PBXFileReference; lastKnownFileType = folder.assetcatalog; path = Assets.xcassets; sourceTree = "<group>"; };
		FFBD516820BE4F180029B02F /* Base */ = {isa = PBXFileReference; lastKnownFileType = file.storyboard; name = Base; path = Base.lproj/LaunchScreen.storyboard; sourceTree = "<group>"; };
		FFBD516A20BE4F180029B02F /* Info.plist */ = {isa = PBXFileReference; lastKnownFileType = text.plist.xml; path = Info.plist; sourceTree = "<group>"; };
/* End PBXFileReference section */

/* Begin PBXFrameworksBuildPhase section */
		FFBD515820BE4F150029B02F /* Frameworks */ = {
			isa = PBXFrameworksBuildPhase;
			buildActionMask = 2147483647;
			files = (
			);
			runOnlyForDeploymentPostprocessing = 0;
		};
/* End PBXFrameworksBuildPhase section */

/* Begin PBXGroup section */
		FF11175020CBC0B1008F04EC /* ios */ = {
			isa = PBXGroup;
			children = (
				FF11175620CBC0B1008F04EC /* Icon-App-29x29@1x.png */,
				FF11175720CBC0B1008F04EC /* Icon-App-29x29@2x.png */,
				FF11175820CBC0B1008F04EC /* Icon-App-29x29@3x.png */,
			);
			path = ios;
			sourceTree = "<group>";
		};
		FFBD515220BE4F150029B02F = {
			isa = PBXGroup;
			children = (
				FFBD515D20BE4F150029B02F /* gps */,
				FFBD515C20BE4F150029B02F /* Products */,
			);
			sourceTree = "<group>";
		};
		FFBD515C20BE4F150029B02F /* Products */ = {
			isa = PBXGroup;
			children = (
				FFBD515B20BE4F150029B02F /* gps.app */,
			);
			name = Products;
			sourceTree = "<group>";
		};
		FFBD515D20BE4F150029B02F /* gps */ = {
			isa = PBXGroup;
			children = (
				FF11175020CBC0B1008F04EC /* ios */,
				FFBD515E20BE4F150029B02F /* AppDelegate.swift */,
				FFBD516020BE4F150029B02F /* ViewController.swift */,
				FFBD516220BE4F150029B02F /* Main.storyboard */,
				FF066E6520CA84CE00F9EB5B /* LocationSearchTable.swift */,
				FFBD516520BE4F180029B02F /* Assets.xcassets */,
				FFBD516720BE4F180029B02F /* LaunchScreen.storyboard */,
				FFBD516A20BE4F180029B02F /* Info.plist */,
			);
			path = gps;
			sourceTree = "<group>";
		};
/* End PBXGroup section */

/* Begin PBXNativeTarget section */
		FFBD515A20BE4F150029B02F /* gps */ = {
			isa = PBXNativeTarget;
			buildConfigurationList = FFBD516D20BE4F180029B02F /* Build configuration list for PBXNativeTarget "gps" */;
			buildPhases = (
				FFBD515720BE4F150029B02F /* Sources */,
				FFBD515820BE4F150029B02F /* Frameworks */,
				FFBD515920BE4F150029B02F /* Resources */,
			);
			buildRules = (
			);
			dependencies = (
			);
			name = gps;
			productName = gps;
			productReference = FFBD515B20BE4F150029B02F /* gps.app */;
			productType = "com.apple.product-type.application";
		};
/* End PBXNativeTarget section */

/* Begin PBXProject section */
		FFBD515320BE4F150029B02F /* Project object */ = {
			isa = PBXProject;
			attributes = {
				LastSwiftUpdateCheck = 0930;
				LastUpgradeCheck = 0930;
				ORGANIZATIONNAME = MCNLAB;
				TargetAttributes = {
					FFBD515A20BE4F150029B02F = {
						CreatedOnToolsVersion = 9.3;
					};
				};
			};
			buildConfigurationList = FFBD515620BE4F150029B02F /* Build configuration list for PBXProject "gps" */;
			compatibilityVersion = "Xcode 9.3";
			developmentRegion = en;
			hasScannedForEncodings = 0;
			knownRegions = (
				en,
				Base,
			);
			mainGroup = FFBD515220BE4F150029B02F;
			productRefGroup = FFBD515C20BE4F150029B02F /* Products */;
			projectDirPath = "";
			projectRoot = "";
			targets = (
				FFBD515A20BE4F150029B02F /* gps */,
			);
		};
/* End PBXProject section */

/* Begin PBXResourcesBuildPhase section */
		FFBD515920BE4F150029B02F /* Resources */ = {
			isa = PBXResourcesBuildPhase;
			buildActionMask = 2147483647;
			files = (
				FF11177320CBC0B1008F04EC /* Icon-App-29x29@2x.png in Resources */,
				FF11177420CBC0B1008F04EC /* Icon-App-29x29@3x.png in Resources */,
				FFBD516920BE4F180029B02F /* LaunchScreen.storyboard in Resources */,
				FFBD516620BE4F180029B02F /* Assets.xcassets in Resources */,
				FFBD516420BE4F150029B02F /* Main.storyboard in Resources */,
				FF11177220CBC0B1008F04EC /* Icon-App-29x29@1x.png in Resources */,
			);
			runOnlyForDeploymentPostprocessing = 0;
		};
/* End PBXResourcesBuildPhase section */

/* Begin PBXSourcesBuildPhase section */
		FFBD515720BE4F150029B02F /* Sources */ = {
			isa = PBXSourcesBuildPhase;
			buildActionMask = 2147483647;
			files = (
				FF066E6620CA84CE00F9EB5B /* LocationSearchTable.swift in Sources */,
				FFBD516120BE4F150029B02F /* ViewController.swift in Sources */,
				FFBD515F20BE4F150029B02F /* AppDelegate.swift in Sources */,
			);
			runOnlyForDeploymentPostprocessing = 0;
		};
/* End PBXSourcesBuildPhase section */

/* Begin PBXVariantGroup section */
		FFBD516220BE4F150029B02F /* Main.storyboard */ = {
			isa = PBXVariantGroup;
			children = (
				FFBD516320BE4F150029B02F /* Base */,
			);
			name = Main.storyboard;
			sourceTree = "<group>";
		};
		FFBD516720BE4F180029B02F /* LaunchScreen.storyboard */ = {
			isa = PBXVariantGroup;
			children = (
				FFBD516820BE4F180029B02F /* Base */,
			);
			name = LaunchScreen.storyboard;
			sourceTree = "<group>";
		};
/* End PBXVariantGroup section */

/* Begin XCBuildConfiguration section */
		FFBD516B20BE4F180029B02F /* Debug */ = {
			isa = XCBuildConfiguration;
			buildSettings = {
				ALWAYS_SEARCH_USER_PATHS = NO;
				CLANG_ANALYZER_NONNULL = YES;
				CLANG_ANALYZER_NUMBER_OBJECT_CONVERSION = YES_AGGRESSIVE;
				CLANG_CXX_LANGUAGE_STANDARD = "gnu++14";
				CLANG_CXX_LIBRARY = "libc++";
				CLANG_ENABLE_MODULES = YES;
				CLANG_ENABLE_OBJC_ARC = YES;
				CLANG_ENABLE_OBJC_WEAK = YES;
				CLANG_WARN_BLOCK_CAPTURE_AUTORELEASING = YES;
				CLANG_WARN_BOOL_CONVERSION = YES;
				CLANG_WARN_COMMA = YES;
				CLANG_WARN_CONSTANT_CONVERSION = YES;
				CLANG_WARN_DEPRECATED_OBJC_IMPLEMENTATIONS = YES;
				CLANG_WARN_DIRECT_OBJC_ISA_USAGE = YES_ERROR;
				CLANG_WARN_DOCUMENTATION_COMMENTS = YES;
				CLANG_WARN_EMPTY_BODY = YES;
				CLANG_WARN_ENUM_CONVERSION = YES;
				CLANG_WARN_INFINITE_RECURSION = YES;
				CLANG_WARN_INT_CONVERSION = YES;
				CLANG_WARN_NON_LITERAL_NULL_CONVERSION = YES;
				CLANG_WARN_OBJC_IMPLICIT_RETAIN_SELF = YES;
				CLANG_WARN_OBJC_LITERAL_CONVERSION = YES;
				CLANG_WARN_OBJC_ROOT_CLASS = YES_ERROR;
				CLANG_WARN_RANGE_LOOP_ANALYSIS = YES;
				CLANG_WARN_STRICT_PROTOTYPES = YES;
				CLANG_WARN_SUSPICIOUS_MOVE = YES;
				CLANG_WARN_UNGUARDED_AVAILABILITY = YES_AGGRESSIVE;
				CLANG_WARN_UNREACHABLE_CODE = YES;
				CLANG_WARN__DUPLICATE_METHOD_MATCH = YES;
				CODE_SIGN_IDENTITY = "iPhone Developer";
				COPY_PHASE_STRIP = NO;
				DEBUG_INFORMATION_FORMAT = dwarf;
				ENABLE_STRICT_OBJC_MSGSEND = YES;
				ENABLE_TESTABILITY = YES;
				GCC_C_LANGUAGE_STANDARD = gnu11;
				GCC_DYNAMIC_NO_PIC = NO;
				GCC_NO_COMMON_BLOCKS = YES;
				GCC_OPTIMIZATION_LEVEL = 0;
				GCC_PREPROCESSOR_DEFINITIONS = (
					"DEBUG=1",
					"$(inherited)",
				);
				GCC_WARN_64_TO_32_BIT_CONVERSION = YES;
				GCC_WARN_ABOUT_RETURN_TYPE = YES_ERROR;
				GCC_WARN_UNDECLARED_SELECTOR = YES;
				GCC_WARN_UNINITIALIZED_AUTOS = YES_AGGRESSIVE;
				GCC_WARN_UNUSED_FUNCTION = YES;
				GCC_WARN_UNUSED_VARIABLE = YES;
				IPHONEOS_DEPLOYMENT_TARGET = 11.3;
				MTL_ENABLE_DEBUG_INFO = YES;
				ONLY_ACTIVE_ARCH = YES;
				SDKROOT = iphoneos;
				SWIFT_ACTIVE_COMPILATION_CONDITIONS = DEBUG;
				SWIFT_OPTIMIZATION_LEVEL = "-Onone";
			};
			name = Debug;
		};
		FFBD516C20BE4F180029B02F /* Release */ = {
			isa = XCBuildConfiguration;
			buildSettings = {
				ALWAYS_SEARCH_USER_PATHS = NO;
				CLANG_ANALYZER_NONNULL = YES;
				CLANG_ANALYZER_NUMBER_OBJECT_CONVERSION = YES_AGGRESSIVE;
				CLANG_CXX_LANGUAGE_STANDARD = "gnu++14";
				CLANG_CXX_LIBRARY = "libc++";
				CLANG_ENABLE_MODULES = YES;
				CLANG_ENABLE_OBJC_ARC = YES;
				CLANG_ENABLE_OBJC_WEAK = YES;
				CLANG_WARN_BLOCK_CAPTURE_AUTORELEASING = YES;
				CLANG_WARN_BOOL_CONVERSION = YES;
				CLANG_WARN_COMMA = YES;
				CLANG_WARN_CONSTANT_CONVERSION = YES;
				CLANG_WARN_DEPRECATED_OBJC_IMPLEMENTATIONS = YES;
				CLANG_WARN_DIRECT_OBJC_ISA_USAGE = YES_ERROR;
				CLANG_WARN_DOCUMENTATION_COMMENTS = YES;
				CLANG_WARN_EMPTY_BODY = YES;
				CLANG_WARN_ENUM_CONVERSION = YES;
				CLANG_WARN_INFINITE_RECURSION = YES;
				CLANG_WARN_INT_CONVERSION = YES;
				CLANG_WARN_NON_LITERAL_NULL_CONVERSION = YES;
				CLANG_WARN_OBJC_IMPLICIT_RETAIN_SELF = YES;
				CLANG_WARN_OBJC_LITERAL_CONVERSION = YES;
				CLANG_WARN_OBJC_ROOT_CLASS = YES_ERROR;
				CLANG_WARN_RANGE_LOOP_ANALYSIS = YES;
				CLANG_WARN_STRICT_PROTOTYPES = YES;
				CLANG_WARN_SUSPICIOUS_MOVE = YES;
				CLANG_WARN_UNGUARDED_AVAILABILITY = YES_AGGRESSIVE;
				CLANG_WARN_UNREACHABLE_CODE = YES;
				CLANG_WARN__DUPLICATE_METHOD_MATCH = YES;
				CODE_SIGN_IDENTITY = "iPhone Developer";
				COPY_PHASE_STRIP = NO;
				DEBUG_INFORMATION_FORMAT = "dwarf-with-dsym";
				ENABLE_NS_ASSERTIONS = NO;
				ENABLE_STRICT_OBJC_MSGSEND = YES;
				GCC_C_LANGUAGE_STANDARD = gnu11;
				GCC_NO_COMMON_BLOCKS = YES;
				GCC_WARN_64_TO_32_BIT_CONVERSION = YES;
				GCC_WARN_ABOUT_RETURN_TYPE = YES_ERROR;
				GCC_WARN_UNDECLARED_SELECTOR = YES;
				GCC_WARN_UNINITIALIZED_AUTOS = YES_AGGRESSIVE;
				GCC_WARN_UNUSED_FUNCTION = YES;
				GCC_WARN_UNUSED_VARIABLE = YES;
				IPHONEOS_DEPLOYMENT_TARGET = 11.3;
				MTL_ENABLE_DEBUG_INFO = NO;
				SDKROOT = iphoneos;
				SWIFT_COMPILATION_MODE = wholemodule;
				SWIFT_OPTIMIZATION_LEVEL = "-O";
				VALIDATE_PRODUCT = YES;
			};
			name = Release;
		};
		FFBD516E20BE4F180029B02F /* Debug */ = {
			isa = XCBuildConfiguration;
			buildSettings = {
				ASSETCATALOG_COMPILER_APPICON_NAME = AppIcon;
				CODE_SIGN_STYLE = Automatic;
				DEVELOPMENT_TEAM = R49T5M24A6;
				INFOPLIST_FILE = gps/Info.plist;
				LD_RUNPATH_SEARCH_PATHS = (
					"$(inherited)",
					"@executable_path/Frameworks",
				);
				PRODUCT_BUNDLE_IDENTIFIER = mcnlab.gps;
				PRODUCT_NAME = "$(TARGET_NAME)";
				SWIFT_VERSION = 4.0;
				TARGETED_DEVICE_FAMILY = "1,2";
			};
			name = Debug;
		};
		FFBD516F20BE4F180029B02F /* Release */ = {
			isa = XCBuildConfiguration;
			buildSettings = {
				ASSETCATALOG_COMPILER_APPICON_NAME = AppIcon;
				CODE_SIGN_STYLE = Automatic;
				DEVELOPMENT_TEAM = R49T5M24A6;
				INFOPLIST_FILE = gps/Info.plist;
				LD_RUNPATH_SEARCH_PATHS = (
					"$(inherited)",
					"@executable_path/Frameworks",
				);
				PRODUCT_BUNDLE_IDENTIFIER = mcnlab.gps;
				PRODUCT_NAME = "$(TARGET_NAME)";
				SWIFT_VERSION = 4.0;
				TARGETED_DEVICE_FAMILY = "1,2";
			};
			name = Release;
		};
/* End XCBuildConfiguration section */

/* Begin XCConfigurationList section */
		FFBD515620BE4F150029B02F /* Build configuration list for PBXProject "gps" */ = {
			isa = XCConfigurationList;
			buildConfigurations = (
				FFBD516B20BE4F180029B02F /* Debug */,
				FFBD516C20BE4F180029B02F /* Release */,
			);
			defaultConfigurationIsVisible = 0;
			defaultConfigurationName = Release;
		};
		FFBD516D20BE4F180029B02F /* Build configuration list for PBXNativeTarget "gps" */ = {
			isa = XCConfigurationList;
			buildConfigurations = (
				FFBD516E20BE4F180029B02F /* Debug */,
				FFBD516F20BE4F180029B02F /* Release */,
			);
			defaultConfigurationIsVisible = 0;
			defaultConfigurationName = Release;
		};
/* End XCConfigurationList section */
	};
	rootObject = FFBD515320BE4F150029B02F /* Project object */;
}
